// !$*UTF8*$!
{
	archiveVersion = 1;
	classes = {
	};
	objectVersion = 56;
	objects = {

/* Begin PBXBuildFile section */
		834740292C8707A40065102E /* ChatHeaderView.swift in Sources */ = {isa = PBXBuildFile; fileRef = 834740282C8707A40065102E /* ChatHeaderView.swift */; };
		83D020842C825C360053D6BC /* AppDelegate.swift in Sources */ = {isa = PBXBuildFile; fileRef = 83D020832C825C360053D6BC /* AppDelegate.swift */; };
		83D020862C825C360053D6BC /* SceneDelegate.swift in Sources */ = {isa = PBXBuildFile; fileRef = 83D020852C825C360053D6BC /* SceneDelegate.swift */; };
		83D020882C825C360053D6BC /* ViewController.swift in Sources */ = {isa = PBXBuildFile; fileRef = 83D020872C825C360053D6BC /* ViewController.swift */; };
		83D0208B2C825C360053D6BC /* Base in Resources */ = {isa = PBXBuildFile; fileRef = 83D0208A2C825C360053D6BC /* Base */; };
		83D0208D2C825C380053D6BC /* Assets.xcassets in Resources */ = {isa = PBXBuildFile; fileRef = 83D0208C2C825C380053D6BC /* Assets.xcassets */; };
		83D020902C825C380053D6BC /* Base in Resources */ = {isa = PBXBuildFile; fileRef = 83D0208F2C825C380053D6BC /* Base */; };
		83D020982C825C590053D6BC /* SwiftUIView.swift in Sources */ = {isa = PBXBuildFile; fileRef = 83D020972C825C580053D6BC /* SwiftUIView.swift */; };
		83D048C22C825D5C0053D6BC /* ChatItem.swift in Sources */ = {isa = PBXBuildFile; fileRef = 83D048B42C825D5C0053D6BC /* ChatItem.swift */; };
		83D048C32C825D5C0053D6BC /* Extension.swift in Sources */ = {isa = PBXBuildFile; fileRef = 83D048B62C825D5C0053D6BC /* Extension.swift */; };
		83D048C42C825D5C0053D6BC /* ChatDateView.swift in Sources */ = {isa = PBXBuildFile; fileRef = 83D048B82C825D5C0053D6BC /* ChatDateView.swift */; };
		83D048C52C825D5C0053D6BC /* ChatInputView.swift in Sources */ = {isa = PBXBuildFile; fileRef = 83D048B92C825D5C0053D6BC /* ChatInputView.swift */; };
		83D048C62C825D5C0053D6BC /* ChatListView.swift in Sources */ = {isa = PBXBuildFile; fileRef = 83D048BA2C825D5C0053D6BC /* ChatListView.swift */; };
		83D048C72C825D5C0053D6BC /* ChatVisitTimeView.swift in Sources */ = {isa = PBXBuildFile; fileRef = 83D048BB2C825D5C0053D6BC /* ChatVisitTimeView.swift */; };
		83D048C82C825D5C0053D6BC /* ClinicianChatView.swift in Sources */ = {isa = PBXBuildFile; fileRef = 83D048BC2C825D5C0053D6BC /* ClinicianChatView.swift */; };
		83D048C92C825D5C0053D6BC /* MDSChatView.swift in Sources */ = {isa = PBXBuildFile; fileRef = 83D048BD2C825D5C0053D6BC /* MDSChatView.swift */; };
		83D048CA2C825D5C0053D6BC /* ChatListViewModel.swift in Sources */ = {isa = PBXBuildFile; fileRef = 83D048BF2C825D5C0053D6BC /* ChatListViewModel.swift */; };
/* End PBXBuildFile section */

/* Begin PBXFileReference section */
		834740282C8707A40065102E /* ChatHeaderView.swift */ = {isa = PBXFileReference; lastKnownFileType = sourcecode.swift; path = ChatHeaderView.swift; sourceTree = "<group>"; };
		83D020802C825C360053D6BC /* ChatStoryBoard.app */ = {isa = PBXFileReference; explicitFileType = wrapper.application; includeInIndex = 0; path = ChatStoryBoard.app; sourceTree = BUILT_PRODUCTS_DIR; };
		83D020832C825C360053D6BC /* AppDelegate.swift */ = {isa = PBXFileReference; lastKnownFileType = sourcecode.swift; path = AppDelegate.swift; sourceTree = "<group>"; };
		83D020852C825C360053D6BC /* SceneDelegate.swift */ = {isa = PBXFileReference; lastKnownFileType = sourcecode.swift; path = SceneDelegate.swift; sourceTree = "<group>"; };
		83D020872C825C360053D6BC /* ViewController.swift */ = {isa = PBXFileReference; lastKnownFileType = sourcecode.swift; path = ViewController.swift; sourceTree = "<group>"; };
		83D0208A2C825C360053D6BC /* Base */ = {isa = PBXFileReference; lastKnownFileType = file.storyboard; name = Base; path = Base.lproj/Main.storyboard; sourceTree = "<group>"; };
		83D0208C2C825C380053D6BC /* Assets.xcassets */ = {isa = PBXFileReference; lastKnownFileType = folder.assetcatalog; path = Assets.xcassets; sourceTree = "<group>"; };
		83D0208F2C825C380053D6BC /* Base */ = {isa = PBXFileReference; lastKnownFileType = file.storyboard; name = Base; path = Base.lproj/LaunchScreen.storyboard; sourceTree = "<group>"; };
		83D020912C825C380053D6BC /* Info.plist */ = {isa = PBXFileReference; lastKnownFileType = text.plist.xml; path = Info.plist; sourceTree = "<group>"; };
		83D020972C825C580053D6BC /* SwiftUIView.swift */ = {isa = PBXFileReference; lastKnownFileType = sourcecode.swift; path = SwiftUIView.swift; sourceTree = "<group>"; };
		83D048B42C825D5C0053D6BC /* ChatItem.swift */ = {isa = PBXFileReference; fileEncoding = 4; lastKnownFileType = sourcecode.swift; path = ChatItem.swift; sourceTree = "<group>"; };
		83D048B62C825D5C0053D6BC /* Extension.swift */ = {isa = PBXFileReference; fileEncoding = 4; lastKnownFileType = sourcecode.swift; path = Extension.swift; sourceTree = "<group>"; };
		83D048B82C825D5C0053D6BC /* ChatDateView.swift */ = {isa = PBXFileReference; fileEncoding = 4; lastKnownFileType = sourcecode.swift; path = ChatDateView.swift; sourceTree = "<group>"; };
		83D048B92C825D5C0053D6BC /* ChatInputView.swift */ = {isa = PBXFileReference; fileEncoding = 4; lastKnownFileType = sourcecode.swift; path = ChatInputView.swift; sourceTree = "<group>"; };
		83D048BA2C825D5C0053D6BC /* ChatListView.swift */ = {isa = PBXFileReference; fileEncoding = 4; lastKnownFileType = sourcecode.swift; path = ChatListView.swift; sourceTree = "<group>"; };
		83D048BB2C825D5C0053D6BC /* ChatVisitTimeView.swift */ = {isa = PBXFileReference; fileEncoding = 4; lastKnownFileType = sourcecode.swift; path = ChatVisitTimeView.swift; sourceTree = "<group>"; };
		83D048BC2C825D5C0053D6BC /* ClinicianChatView.swift */ = {isa = PBXFileReference; fileEncoding = 4; lastKnownFileType = sourcecode.swift; path = ClinicianChatView.swift; sourceTree = "<group>"; };
		83D048BD2C825D5C0053D6BC /* MDSChatView.swift */ = {isa = PBXFileReference; fileEncoding = 4; lastKnownFileType = sourcecode.swift; path = MDSChatView.swift; sourceTree = "<group>"; };
		83D048BF2C825D5C0053D6BC /* ChatListViewModel.swift */ = {isa = PBXFileReference; fileEncoding = 4; lastKnownFileType = sourcecode.swift; path = ChatListViewModel.swift; sourceTree = "<group>"; };
/* End PBXFileReference section */

/* Begin PBXFrameworksBuildPhase section */
		83D0207D2C825C360053D6BC /* Frameworks */ = {
			isa = PBXFrameworksBuildPhase;
			buildActionMask = 2147483647;
			files = (
			);
			runOnlyForDeploymentPostprocessing = 0;
		};
/* End PBXFrameworksBuildPhase section */

/* Begin PBXGroup section */
		83D020772C825C360053D6BC = {
			isa = PBXGroup;
			children = (
				83D048C12C825D5C0053D6BC /* GoChat */,
				83D020822C825C360053D6BC /* ChatStoryBoard */,
				83D020812C825C360053D6BC /* Products */,
			);
			sourceTree = "<group>";
		};
		83D020812C825C360053D6BC /* Products */ = {
			isa = PBXGroup;
			children = (
				83D020802C825C360053D6BC /* ChatStoryBoard.app */,
			);
			name = Products;
			sourceTree = "<group>";
		};
		83D020822C825C360053D6BC /* ChatStoryBoard */ = {
			isa = PBXGroup;
			children = (
				83D020832C825C360053D6BC /* AppDelegate.swift */,
				83D020852C825C360053D6BC /* SceneDelegate.swift */,
				83D020872C825C360053D6BC /* ViewController.swift */,
				83D020892C825C360053D6BC /* Main.storyboard */,
				83D0208C2C825C380053D6BC /* Assets.xcassets */,
				83D0208E2C825C380053D6BC /* LaunchScreen.storyboard */,
				83D020912C825C380053D6BC /* Info.plist */,
				83D020972C825C580053D6BC /* SwiftUIView.swift */,
			);
			path = ChatStoryBoard;
			sourceTree = "<group>";
		};
		83D048B52C825D5C0053D6BC /* model */ = {
			isa = PBXGroup;
			children = (
				83D048B42C825D5C0053D6BC /* ChatItem.swift */,
			);
			path = model;
			sourceTree = "<group>";
		};
		83D048B72C825D5C0053D6BC /* other */ = {
			isa = PBXGroup;
			children = (
				83D048B62C825D5C0053D6BC /* Extension.swift */,
			);
			path = other;
			sourceTree = "<group>";
		};
		83D048BE2C825D5C0053D6BC /* view */ = {
			isa = PBXGroup;
			children = (
				83D048B82C825D5C0053D6BC /* ChatDateView.swift */,
				83D048B92C825D5C0053D6BC /* ChatInputView.swift */,
				83D048BA2C825D5C0053D6BC /* ChatListView.swift */,
				83D048BB2C825D5C0053D6BC /* ChatVisitTimeView.swift */,
				83D048BC2C825D5C0053D6BC /* ClinicianChatView.swift */,
				83D048BD2C825D5C0053D6BC /* MDSChatView.swift */,
				834740282C8707A40065102E /* ChatHeaderView.swift */,
			);
			path = view;
			sourceTree = "<group>";
		};
		83D048C02C825D5C0053D6BC /* viewModel */ = {
			isa = PBXGroup;
			children = (
				83D048BF2C825D5C0053D6BC /* ChatListViewModel.swift */,
			);
			path = viewModel;
			sourceTree = "<group>";
		};
		83D048C12C825D5C0053D6BC /* GoChat */ = {
			isa = PBXGroup;
			children = (
				83D048B52C825D5C0053D6BC /* model */,
				83D048B72C825D5C0053D6BC /* other */,
				83D048BE2C825D5C0053D6BC /* view */,
				83D048C02C825D5C0053D6BC /* viewModel */,
			);
			path = GoChat;
			sourceTree = "<group>";
		};
/* End PBXGroup section */

/* Begin PBXNativeTarget section */
		83D0207F2C825C360053D6BC /* ChatStoryBoard */ = {
			isa = PBXNativeTarget;
			buildConfigurationList = 83D020942C825C380053D6BC /* Build configuration list for PBXNativeTarget "ChatStoryBoard" */;
			buildPhases = (
				83D0207C2C825C360053D6BC /* Sources */,
				83D0207D2C825C360053D6BC /* Frameworks */,
				83D0207E2C825C360053D6BC /* Resources */,
			);
			buildRules = (
			);
			dependencies = (
			);
			name = ChatStoryBoard;
			productName = ChatStoryBoard;
			productReference = 83D020802C825C360053D6BC /* ChatStoryBoard.app */;
			productType = "com.apple.product-type.application";
		};
/* End PBXNativeTarget section */

/* Begin PBXProject section */
		83D020782C825C360053D6BC /* Project object */ = {
			isa = PBXProject;
			attributes = {
				BuildIndependentTargetsInParallel = 1;
				LastSwiftUpdateCheck = 1530;
				LastUpgradeCheck = 1530;
				TargetAttributes = {
					83D0207F2C825C360053D6BC = {
						CreatedOnToolsVersion = 15.3;
					};
				};
			};
			buildConfigurationList = 83D0207B2C825C360053D6BC /* Build configuration list for PBXProject "ChatStoryBoard" */;
			compatibilityVersion = "Xcode 14.0";
			developmentRegion = en;
			hasScannedForEncodings = 0;
			knownRegions = (
				en,
				Base,
			);
			mainGroup = 83D020772C825C360053D6BC;
			productRefGroup = 83D020812C825C360053D6BC /* Products */;
			projectDirPath = "";
			projectRoot = "";
			targets = (
				83D0207F2C825C360053D6BC /* ChatStoryBoard */,
			);
		};
/* End PBXProject section */

/* Begin PBXResourcesBuildPhase section */
		83D0207E2C825C360053D6BC /* Resources */ = {
			isa = PBXResourcesBuildPhase;
			buildActionMask = 2147483647;
			files = (
				83D0208D2C825C380053D6BC /* Assets.xcassets in Resources */,
				83D020902C825C380053D6BC /* Base in Resources */,
				83D0208B2C825C360053D6BC /* Base in Resources */,
			);
			runOnlyForDeploymentPostprocessing = 0;
		};
/* End PBXResourcesBuildPhase section */

/* Begin PBXSourcesBuildPhase section */
		83D0207C2C825C360053D6BC /* Sources */ = {
			isa = PBXSourcesBuildPhase;
			buildActionMask = 2147483647;
			files = (
				83D048C22C825D5C0053D6BC /* ChatItem.swift in Sources */,
				83D048C52C825D5C0053D6BC /* ChatInputView.swift in Sources */,
				83D020882C825C360053D6BC /* ViewController.swift in Sources */,
				83D048CA2C825D5C0053D6BC /* ChatListViewModel.swift in Sources */,
				83D048C82C825D5C0053D6BC /* ClinicianChatView.swift in Sources */,
				834740292C8707A40065102E /* ChatHeaderView.swift in Sources */,
				83D048C72C825D5C0053D6BC /* ChatVisitTimeView.swift in Sources */,
				83D020842C825C360053D6BC /* AppDelegate.swift in Sources */,
				83D048C62C825D5C0053D6BC /* ChatListView.swift in Sources */,
				83D048C92C825D5C0053D6BC /* MDSChatView.swift in Sources */,
				83D048C32C825D5C0053D6BC /* Extension.swift in Sources */,
				83D020982C825C590053D6BC /* SwiftUIView.swift in Sources */,
				83D048C42C825D5C0053D6BC /* ChatDateView.swift in Sources */,
				83D020862C825C360053D6BC /* SceneDelegate.swift in Sources */,
			);
			runOnlyForDeploymentPostprocessing = 0;
		};
/* End PBXSourcesBuildPhase section */

/* Begin PBXVariantGroup section */
		83D020892C825C360053D6BC /* Main.storyboard */ = {
			isa = PBXVariantGroup;
			children = (
				83D0208A2C825C360053D6BC /* Base */,
			);
			name = Main.storyboard;
			sourceTree = "<group>";
		};
		83D0208E2C825C380053D6BC /* LaunchScreen.storyboard */ = {
			isa = PBXVariantGroup;
			children = (
				83D0208F2C825C380053D6BC /* Base */,
			);
			name = LaunchScreen.storyboard;
			sourceTree = "<group>";
		};
/* End PBXVariantGroup section */

/* Begin XCBuildConfiguration section */
		83D020922C825C380053D6BC /* Debug */ = {
			isa = XCBuildConfiguration;
			buildSettings = {
				ALWAYS_SEARCH_USER_PATHS = NO;
				ASSETCATALOG_COMPILER_GENERATE_SWIFT_ASSET_SYMBOL_EXTENSIONS = YES;
				CLANG_ANALYZER_NONNULL = YES;
				CLANG_ANALYZER_NUMBER_OBJECT_CONVERSION = YES_AGGRESSIVE;
				CLANG_CXX_LANGUAGE_STANDARD = "gnu++20";
				CLANG_ENABLE_MODULES = YES;
				CLANG_ENABLE_OBJC_ARC = YES;
				CLANG_ENABLE_OBJC_WEAK = YES;
				CLANG_WARN_BLOCK_CAPTURE_AUTORELEASING = YES;
				CLANG_WARN_BOOL_CONVERSION = YES;
				CLANG_WARN_COMMA = YES;
				CLANG_WARN_CONSTANT_CONVERSION = YES;
				CLANG_WARN_DEPRECATED_OBJC_IMPLEMENTATIONS = YES;
				CLANG_WARN_DIRECT_OBJC_ISA_USAGE = YES_ERROR;
				CLANG_WARN_DOCUMENTATION_COMMENTS = YES;
				CLANG_WARN_EMPTY_BODY = YES;
				CLANG_WARN_ENUM_CONVERSION = YES;
				CLANG_WARN_INFINITE_RECURSION = YES;
				CLANG_WARN_INT_CONVERSION = YES;
				CLANG_WARN_NON_LITERAL_NULL_CONVERSION = YES;
				CLANG_WARN_OBJC_IMPLICIT_RETAIN_SELF = YES;
				CLANG_WARN_OBJC_LITERAL_CONVERSION = YES;
				CLANG_WARN_OBJC_ROOT_CLASS = YES_ERROR;
				CLANG_WARN_QUOTED_INCLUDE_IN_FRAMEWORK_HEADER = YES;
				CLANG_WARN_RANGE_LOOP_ANALYSIS = YES;
				CLANG_WARN_STRICT_PROTOTYPES = YES;
				CLANG_WARN_SUSPICIOUS_MOVE = YES;
				CLANG_WARN_UNGUARDED_AVAILABILITY = YES_AGGRESSIVE;
				CLANG_WARN_UNREACHABLE_CODE = YES;
				CLANG_WARN__DUPLICATE_METHOD_MATCH = YES;
				COPY_PHASE_STRIP = NO;
				DEBUG_INFORMATION_FORMAT = dwarf;
				ENABLE_STRICT_OBJC_MSGSEND = YES;
				ENABLE_TESTABILITY = YES;
				ENABLE_USER_SCRIPT_SANDBOXING = YES;
				GCC_C_LANGUAGE_STANDARD = gnu17;
				GCC_DYNAMIC_NO_PIC = NO;
				GCC_NO_COMMON_BLOCKS = YES;
				GCC_OPTIMIZATION_LEVEL = 0;
				GCC_PREPROCESSOR_DEFINITIONS = (
					"DEBUG=1",
					"$(inherited)",
				);
				GCC_WARN_64_TO_32_BIT_CONVERSION = YES;
				GCC_WARN_ABOUT_RETURN_TYPE = YES_ERROR;
				GCC_WARN_UNDECLARED_SELECTOR = YES;
				GCC_WARN_UNINITIALIZED_AUTOS = YES_AGGRESSIVE;
				GCC_WARN_UNUSED_FUNCTION = YES;
				GCC_WARN_UNUSED_VARIABLE = YES;
				IPHONEOS_DEPLOYMENT_TARGET = 17.4;
				LOCALIZATION_PREFERS_STRING_CATALOGS = YES;
				MTL_ENABLE_DEBUG_INFO = INCLUDE_SOURCE;
				MTL_FAST_MATH = YES;
				ONLY_ACTIVE_ARCH = YES;
				SDKROOT = iphoneos;
				SWIFT_ACTIVE_COMPILATION_CONDITIONS = "DEBUG $(inherited)";
				SWIFT_OPTIMIZATION_LEVEL = "-Onone";
			};
			name = Debug;
		};
		83D020932C825C380053D6BC /* Release */ = {
			isa = XCBuildConfiguration;
			buildSettings = {
				ALWAYS_SEARCH_USER_PATHS = NO;
				ASSETCATALOG_COMPILER_GENERATE_SWIFT_ASSET_SYMBOL_EXTENSIONS = YES;
				CLANG_ANALYZER_NONNULL = YES;
				CLANG_ANALYZER_NUMBER_OBJECT_CONVERSION = YES_AGGRESSIVE;
				CLANG_CXX_LANGUAGE_STANDARD = "gnu++20";
				CLANG_ENABLE_MODULES = YES;
				CLANG_ENABLE_OBJC_ARC = YES;
				CLANG_ENABLE_OBJC_WEAK = YES;
				CLANG_WARN_BLOCK_CAPTURE_AUTORELEASING = YES;
				CLANG_WARN_BOOL_CONVERSION = YES;
				CLANG_WARN_COMMA = YES;
				CLANG_WARN_CONSTANT_CONVERSION = YES;
				CLANG_WARN_DEPRECATED_OBJC_IMPLEMENTATIONS = YES;
				CLANG_WARN_DIRECT_OBJC_ISA_USAGE = YES_ERROR;
				CLANG_WARN_DOCUMENTATION_COMMENTS = YES;
				CLANG_WARN_EMPTY_BODY = YES;
				CLANG_WARN_ENUM_CONVERSION = YES;
				CLANG_WARN_INFINITE_RECURSION = YES;
				CLANG_WARN_INT_CONVERSION = YES;
				CLANG_WARN_NON_LITERAL_NULL_CONVERSION = YES;
				CLANG_WARN_OBJC_IMPLICIT_RETAIN_SELF = YES;
				CLANG_WARN_OBJC_LITERAL_CONVERSION = YES;
				CLANG_WARN_OBJC_ROOT_CLASS = YES_ERROR;
				CLANG_WARN_QUOTED_INCLUDE_IN_FRAMEWORK_HEADER = YES;
				CLANG_WARN_RANGE_LOOP_ANALYSIS = YES;
				CLANG_WARN_STRICT_PROTOTYPES = YES;
				CLANG_WARN_SUSPICIOUS_MOVE = YES;
				CLANG_WARN_UNGUARDED_AVAILABILITY = YES_AGGRESSIVE;
				CLANG_WARN_UNREACHABLE_CODE = YES;
				CLANG_WARN__DUPLICATE_METHOD_MATCH = YES;
				COPY_PHASE_STRIP = NO;
				DEBUG_INFORMATION_FORMAT = "dwarf-with-dsym";
				ENABLE_NS_ASSERTIONS = NO;
				ENABLE_STRICT_OBJC_MSGSEND = YES;
				ENABLE_USER_SCRIPT_SANDBOXING = YES;
				GCC_C_LANGUAGE_STANDARD = gnu17;
				GCC_NO_COMMON_BLOCKS = YES;
				GCC_WARN_64_TO_32_BIT_CONVERSION = YES;
				GCC_WARN_ABOUT_RETURN_TYPE = YES_ERROR;
				GCC_WARN_UNDECLARED_SELECTOR = YES;
				GCC_WARN_UNINITIALIZED_AUTOS = YES_AGGRESSIVE;
				GCC_WARN_UNUSED_FUNCTION = YES;
				GCC_WARN_UNUSED_VARIABLE = YES;
				IPHONEOS_DEPLOYMENT_TARGET = 17.4;
				LOCALIZATION_PREFERS_STRING_CATALOGS = YES;
				MTL_ENABLE_DEBUG_INFO = NO;
				MTL_FAST_MATH = YES;
				SDKROOT = iphoneos;
				SWIFT_COMPILATION_MODE = wholemodule;
				VALIDATE_PRODUCT = YES;
			};
			name = Release;
		};
		83D020952C825C380053D6BC /* Debug */ = {
			isa = XCBuildConfiguration;
			buildSettings = {
				ASSETCATALOG_COMPILER_APPICON_NAME = AppIcon;
				ASSETCATALOG_COMPILER_GLOBAL_ACCENT_COLOR_NAME = AccentColor;
				CODE_SIGN_STYLE = Automatic;
				CURRENT_PROJECT_VERSION = 1;
				DEVELOPMENT_TEAM = 3NX59A7UHN;
				GENERATE_INFOPLIST_FILE = YES;
				INFOPLIST_FILE = ChatStoryBoard/Info.plist;
				INFOPLIST_KEY_UIApplicationSupportsIndirectInputEvents = YES;
				INFOPLIST_KEY_UILaunchStoryboardName = LaunchScreen;
				INFOPLIST_KEY_UIMainStoryboardFile = Main;
				INFOPLIST_KEY_UISupportedInterfaceOrientations_iPad = "UIInterfaceOrientationPortrait UIInterfaceOrientationPortraitUpsideDown UIInterfaceOrientationLandscapeLeft UIInterfaceOrientationLandscapeRight";
				INFOPLIST_KEY_UISupportedInterfaceOrientations_iPhone = "UIInterfaceOrientationPortrait UIInterfaceOrientationLandscapeLeft UIInterfaceOrientationLandscapeRight";
				LD_RUNPATH_SEARCH_PATHS = (
					"$(inherited)",
					"@executable_path/Frameworks",
				);
				MARKETING_VERSION = 1.0;
				PRODUCT_BUNDLE_IDENTIFIER = bismillah.ChatStoryBoard;
				PRODUCT_NAME = "$(TARGET_NAME)";
				SWIFT_EMIT_LOC_STRINGS = YES;
				SWIFT_VERSION = 5.0;
				TARGETED_DEVICE_FAMILY = "1,2";
			};
			name = Debug;
		};
		83D020962C825C380053D6BC /* Release */ = {
			isa = XCBuildConfiguration;
			buildSettings = {
				ASSETCATALOG_COMPILER_APPICON_NAME = AppIcon;
				ASSETCATALOG_COMPILER_GLOBAL_ACCENT_COLOR_NAME = AccentColor;
				CODE_SIGN_STYLE = Automatic;
				CURRENT_PROJECT_VERSION = 1;
				DEVELOPMENT_TEAM = 3NX59A7UHN;
				GENERATE_INFOPLIST_FILE = YES;
				INFOPLIST_FILE = ChatStoryBoard/Info.plist;
				INFOPLIST_KEY_UIApplicationSupportsIndirectInputEvents = YES;
				INFOPLIST_KEY_UILaunchStoryboardName = LaunchScreen;
				INFOPLIST_KEY_UIMainStoryboardFile = Main;
				INFOPLIST_KEY_UISupportedInterfaceOrientations_iPad = "UIInterfaceOrientationPortrait UIInterfaceOrientationPortraitUpsideDown UIInterfaceOrientationLandscapeLeft UIInterfaceOrientationLandscapeRight";
				INFOPLIST_KEY_UISupportedInterfaceOrientations_iPhone = "UIInterfaceOrientationPortrait UIInterfaceOrientationLandscapeLeft UIInterfaceOrientationLandscapeRight";
				LD_RUNPATH_SEARCH_PATHS = (
					"$(inherited)",
					"@executable_path/Frameworks",
				);
				MARKETING_VERSION = 1.0;
				PRODUCT_BUNDLE_IDENTIFIER = bismillah.ChatStoryBoard;
				PRODUCT_NAME = "$(TARGET_NAME)";
				SWIFT_EMIT_LOC_STRINGS = YES;
				SWIFT_VERSION = 5.0;
				TARGETED_DEVICE_FAMILY = "1,2";
			};
			name = Release;
		};
/* End XCBuildConfiguration section */

/* Begin XCConfigurationList section */
		83D0207B2C825C360053D6BC /* Build configuration list for PBXProject "ChatStoryBoard" */ = {
			isa = XCConfigurationList;
			buildConfigurations = (
				83D020922C825C380053D6BC /* Debug */,
				83D020932C825C380053D6BC /* Release */,
			);
			defaultConfigurationIsVisible = 0;
			defaultConfigurationName = Release;
		};
		83D020942C825C380053D6BC /* Build configuration list for PBXNativeTarget "ChatStoryBoard" */ = {
			isa = XCConfigurationList;
			buildConfigurations = (
				83D020952C825C380053D6BC /* Debug */,
				83D020962C825C380053D6BC /* Release */,
			);
			defaultConfigurationIsVisible = 0;
			defaultConfigurationName = Release;
		};
/* End XCConfigurationList section */
	};
	rootObject = 83D020782C825C360053D6BC /* Project object */;
}
